
Microsoft Visual Studio Solution File, Format Version 12.00
# Visual Studio 15
VisualStudioVersion = 15.0.27130.2010
MinimumVisualStudioVersion = 10.0.40219.1
Project("{9A19103F-16F7-4668-BE54-9A1E7A4F7556}") = "WaterFrontSoftware.DateTimeFunctions", "WaterFrontSoftware.DateTime\WaterFrontSoftware.DateTimeFunctions.csproj", "{3AF4AD74-D6BE-4F41-A7AE-104A27BB12F1}"
EndProject
Project("{FAE04EC0-301F-11D3-BF4B-00C04F79EFBC}") = "WaterFrontSoftware.DateTimeFunctions.Tests", "WaterFrontSoftware.DateTime.Tests\WaterFrontSoftware.DateTimeFunctions.Tests.csproj", "{FD15E06C-5243-4B44-9351-E3A2FCD86CE0}"
EndProject
Global
	GlobalSection(SolutionConfigurationPlatforms) = preSolution
		Debug|Any CPU = Debug|Any CPU
		Debug|x86 = Debug|x86
		Release|Any CPU = Release|Any CPU
		Release|x86 = Release|x86
	EndGlobalSection
	GlobalSection(ProjectConfigurationPlatforms) = postSolution
		{3AF4AD74-D6BE-4F41-A7AE-104A27BB12F1}.Debug|Any CPU.ActiveCfg = Debug|Any CPU
		{3AF4AD74-D6BE-4F41-A7AE-104A27BB12F1}.Debug|Any CPU.Build.0 = Debug|Any CPU
		{3AF4AD74-D6BE-4F41-A7AE-104A27BB12F1}.Debug|x86.ActiveCfg = Debug|Any CPU
		{3AF4AD74-D6BE-4F41-A7AE-104A27BB12F1}.Debug|x86.Build.0 = Debug|Any CPU
		{3AF4AD74-D6BE-4F41-A7AE-104A27BB12F1}.Release|Any CPU.ActiveCfg = Release|Any CPU
		{3AF4AD74-D6BE-4F41-A7AE-104A27BB12F1}.Release|Any CPU.Build.0 = Release|Any CPU
		{3AF4AD74-D6BE-4F41-A7AE-104A27BB12F1}.Release|x86.ActiveCfg = Release|x86
		{3AF4AD74-D6BE-4F41-A7AE-104A27BB12F1}.Release|x86.Build.0 = Release|x86
		{FD15E06C-5243-4B44-9351-E3A2FCD86CE0}.Debug|Any CPU.ActiveCfg = Debug|Any CPU
		{FD15E06C-5243-4B44-9351-E3A2FCD86CE0}.Debug|Any CPU.Build.0 = Debug|Any CPU
		{FD15E06C-5243-4B44-9351-E3A2FCD86CE0}.Debug|x86.ActiveCfg = Debug|Any CPU
		{FD15E06C-5243-4B44-9351-E3A2FCD86CE0}.Debug|x86.Build.0 = Debug|Any CPU
		{FD15E06C-5243-4B44-9351-E3A2FCD86CE0}.Release|Any CPU.ActiveCfg = Release|Any CPU
		{FD15E06C-5243-4B44-9351-E3A2FCD86CE0}.Release|Any CPU.Build.0 = Release|Any CPU
		{FD15E06C-5243-4B44-9351-E3A2FCD86CE0}.Release|x86.ActiveCfg = Release|Any CPU
		{FD15E06C-5243-4B44-9351-E3A2FCD86CE0}.Release|x86.Build.0 = Release|Any CPU
	EndGlobalSection
	GlobalSection(SolutionProperties) = preSolution
		HideSolutionNode = FALSE
	EndGlobalSection
	GlobalSection(ExtensibilityGlobals) = postSolution
		SolutionGuid = {4A85721D-7E7F-4742-96D2-96E71177EC77}
	EndGlobalSection
EndGlobal
